
Microsoft Visual Studio Solution File, Format Version 12.00
# Visual Studio Version 17
VisualStudioVersion = 17.6.33829.357
MinimumVisualStudioVersion = 10.0.40219.1
Project("{FAE04EC0-301F-11D3-BF4B-00C04F79EFBC}") = "Weather.Proxy.Api", "src\Weather.Proxy.Api\Weather.Proxy.Api.csproj", "{C929CC5E-8FBB-4A58-8546-4EBE0C54CC6C}"
EndProject
Global
	GlobalSection(SolutionConfigurationPlatforms) = preSolution
		Debug|Any CPU = Debug|Any CPU
		Release|Any CPU = Release|Any CPU
	EndGlobalSection
	GlobalSection(ProjectConfigurationPlatforms) = postSolution
		{C929CC5E-8FBB-4A58-8546-4EBE0C54CC6C}.Debug|Any CPU.ActiveCfg = Debug|Any CPU
		{C929CC5E-8FBB-4A58-8546-4EBE0C54CC6C}.Debug|Any CPU.Build.0 = Debug|Any CPU
		{C929CC5E-8FBB-4A58-8546-4EBE0C54CC6C}.Release|Any CPU.ActiveCfg = Release|Any CPU
		{C929CC5E-8FBB-4A58-8546-4EBE0C54CC6C}.Release|Any CPU.Build.0 = Release|Any CPU
	EndGlobalSection
	GlobalSection(SolutionProperties) = preSolution
		HideSolutionNode = FALSE
	EndGlobalSection
	GlobalSection(ExtensibilityGlobals) = postSolution
		SolutionGuid = {40DDD30A-D271-45C6-968B-9B999F8DE0B8}
	EndGlobalSection
EndGlobal
